// !$*UTF8*$!
{
	archiveVersion = 1;
	classes = {
	};
	objectVersion = 46;
	objects = {

/* Begin PBXBuildFile section */
		A166EC961E87443D005B0160 /* QuizAlertView.swift in Sources */ = {isa = PBXBuildFile; fileRef = A166EC951E87443D005B0160 /* QuizAlertView.swift */; };
		A166EC981E874EDD005B0160 /* RightWrongViewController.swift in Sources */ = {isa = PBXBuildFile; fileRef = A166EC971E874EDD005B0160 /* RightWrongViewController.swift */; };
		A166EC9A1E874FD1005B0160 /* RightWrongQuiz.plist in Resources */ = {isa = PBXBuildFile; fileRef = A166EC991E874FD1005B0160 /* RightWrongQuiz.plist */; };
		A16D4CBB1E86D94500240597 /* AppDelegate.swift in Sources */ = {isa = PBXBuildFile; fileRef = A16D4CBA1E86D94500240597 /* AppDelegate.swift */; };
		A16D4CBD1E86D94500240597 /* MenuViewController.swift in Sources */ = {isa = PBXBuildFile; fileRef = A16D4CBC1E86D94500240597 /* MenuViewController.swift */; };
		A16D4CC01E86D94500240597 /* Main.storyboard in Resources */ = {isa = PBXBuildFile; fileRef = A16D4CBE1E86D94500240597 /* Main.storyboard */; };
		A16D4CC31E86D94500240597 /* SolveTec.xcdatamodeld in Sources */ = {isa = PBXBuildFile; fileRef = A16D4CC11E86D94500240597 /* SolveTec.xcdatamodeld */; };
		A16D4CC51E86D94500240597 /* Assets.xcassets in Resources */ = {isa = PBXBuildFile; fileRef = A16D4CC41E86D94500240597 /* Assets.xcassets */; };
		A16D4CC81E86D94500240597 /* LaunchScreen.storyboard in Resources */ = {isa = PBXBuildFile; fileRef = A16D4CC61E86D94500240597 /* LaunchScreen.storyboard */; };
		A16D4CD31E86D94600240597 /* SolveTecTests.swift in Sources */ = {isa = PBXBuildFile; fileRef = A16D4CD21E86D94600240597 /* SolveTecTests.swift */; };
		A16D4CDE1E86D94600240597 /* SolveTecUITests.swift in Sources */ = {isa = PBXBuildFile; fileRef = A16D4CDD1E86D94600240597 /* SolveTecUITests.swift */; };
		A16D4CF21E86DCE600240597 /* RoundedButton.swift in Sources */ = {isa = PBXBuildFile; fileRef = A16D4CF11E86DCE600240597 /* RoundedButton.swift */; };
		A16D4CF41E86DD3E00240597 /* RoundedLabel.swift in Sources */ = {isa = PBXBuildFile; fileRef = A16D4CF31E86DD3E00240597 /* RoundedLabel.swift */; };
		A16D4CF61E86E8C700240597 /* Constants+Extensions.swift in Sources */ = {isa = PBXBuildFile; fileRef = A16D4CF51E86E8C700240597 /* Constants+Extensions.swift */; };
		A16D4CF91E86FA6B00240597 /* logo.png in Resources */ = {isa = PBXBuildFile; fileRef = A16D4CF81E86FA6B00240597 /* logo.png */; };
		A16D4CFB1E86FF1F00240597 /* MultipleChoiceViewController.swift in Sources */ = {isa = PBXBuildFile; fileRef = A16D4CFA1E86FF1F00240597 /* MultipleChoiceViewController.swift */; };
		A16D4CFD1E870AC300240597 /* MultipleChoice.plist in Resources */ = {isa = PBXBuildFile; fileRef = A16D4CFC1E870AC300240597 /* MultipleChoice.plist */; };
		A16D4CFF1E870D8600240597 /* QuizLoader.swift in Sources */ = {isa = PBXBuildFile; fileRef = A16D4CFE1E870D8600240597 /* QuizLoader.swift */; };
/* End PBXBuildFile section */

/* Begin PBXContainerItemProxy section */
		A16D4CCF1E86D94600240597 /* PBXContainerItemProxy */ = {
			isa = PBXContainerItemProxy;
			containerPortal = A16D4CAF1E86D94500240597 /* Project object */;
			proxyType = 1;
			remoteGlobalIDString = A16D4CB61E86D94500240597;
			remoteInfo = SolveTec;
		};
		A16D4CDA1E86D94600240597 /* PBXContainerItemProxy */ = {
			isa = PBXContainerItemProxy;
			containerPortal = A16D4CAF1E86D94500240597 /* Project object */;
			proxyType = 1;
			remoteGlobalIDString = A16D4CB61E86D94500240597;
			remoteInfo = SolveTec;
		};
/* End PBXContainerItemProxy section */

/* Begin PBXFileReference section */
		A166EC951E87443D005B0160 /* QuizAlertView.swift */ = {isa = PBXFileReference; fileEncoding = 4; lastKnownFileType = sourcecode.swift; path = QuizAlertView.swift; sourceTree = "<group>"; };
		A166EC971E874EDD005B0160 /* RightWrongViewController.swift */ = {isa = PBXFileReference; fileEncoding = 4; lastKnownFileType = sourcecode.swift; path = RightWrongViewController.swift; sourceTree = "<group>"; };
		A166EC991E874FD1005B0160 /* RightWrongQuiz.plist */ = {isa = PBXFileReference; fileEncoding = 4; lastKnownFileType = text.plist.xml; path = RightWrongQuiz.plist; sourceTree = "<group>"; };
		A16D4CB71E86D94500240597 /* SolveTec.app */ = {isa = PBXFileReference; explicitFileType = wrapper.application; includeInIndex = 0; path = SolveTec.app; sourceTree = BUILT_PRODUCTS_DIR; };
		A16D4CBA1E86D94500240597 /* AppDelegate.swift */ = {isa = PBXFileReference; lastKnownFileType = sourcecode.swift; path = AppDelegate.swift; sourceTree = "<group>"; };
		A16D4CBC1E86D94500240597 /* MenuViewController.swift */ = {isa = PBXFileReference; lastKnownFileType = sourcecode.swift; path = MenuViewController.swift; sourceTree = "<group>"; };
		A16D4CBF1E86D94500240597 /* Base */ = {isa = PBXFileReference; lastKnownFileType = file.storyboard; name = Base; path = Base.lproj/Main.storyboard; sourceTree = "<group>"; };
		A16D4CC21E86D94500240597 /* SolveTec.xcdatamodel */ = {isa = PBXFileReference; lastKnownFileType = wrapper.xcdatamodel; path = SolveTec.xcdatamodel; sourceTree = "<group>"; };
		A16D4CC41E86D94500240597 /* Assets.xcassets */ = {isa = PBXFileReference; lastKnownFileType = folder.assetcatalog; path = Assets.xcassets; sourceTree = "<group>"; };
		A16D4CC71E86D94500240597 /* Base */ = {isa = PBXFileReference; lastKnownFileType = file.storyboard; name = Base; path = Base.lproj/LaunchScreen.storyboard; sourceTree = "<group>"; };
		A16D4CC91E86D94500240597 /* Info.plist */ = {isa = PBXFileReference; lastKnownFileType = text.plist.xml; path = Info.plist; sourceTree = "<group>"; };
		A16D4CCE1E86D94600240597 /* SolveTecTests.xctest */ = {isa = PBXFileReference; explicitFileType = wrapper.cfbundle; includeInIndex = 0; path = SolveTecTests.xctest; sourceTree = BUILT_PRODUCTS_DIR; };
		A16D4CD21E86D94600240597 /* SolveTecTests.swift */ = {isa = PBXFileReference; lastKnownFileType = sourcecode.swift; path = SolveTecTests.swift; sourceTree = "<group>"; };
		A16D4CD41E86D94600240597 /* Info.plist */ = {isa = PBXFileReference; lastKnownFileType = text.plist.xml; path = Info.plist; sourceTree = "<group>"; };
		A16D4CD91E86D94600240597 /* SolveTecUITests.xctest */ = {isa = PBXFileReference; explicitFileType = wrapper.cfbundle; includeInIndex = 0; path = SolveTecUITests.xctest; sourceTree = BUILT_PRODUCTS_DIR; };
		A16D4CDD1E86D94600240597 /* SolveTecUITests.swift */ = {isa = PBXFileReference; lastKnownFileType = sourcecode.swift; path = SolveTecUITests.swift; sourceTree = "<group>"; };
		A16D4CDF1E86D94600240597 /* Info.plist */ = {isa = PBXFileReference; lastKnownFileType = text.plist.xml; path = Info.plist; sourceTree = "<group>"; };
		A16D4CF11E86DCE600240597 /* RoundedButton.swift */ = {isa = PBXFileReference; fileEncoding = 4; lastKnownFileType = sourcecode.swift; path = RoundedButton.swift; sourceTree = "<group>"; };
		A16D4CF31E86DD3E00240597 /* RoundedLabel.swift */ = {isa = PBXFileReference; fileEncoding = 4; lastKnownFileType = sourcecode.swift; path = RoundedLabel.swift; sourceTree = "<group>"; };
		A16D4CF51E86E8C700240597 /* Constants+Extensions.swift */ = {isa = PBXFileReference; fileEncoding = 4; lastKnownFileType = sourcecode.swift; path = "Constants+Extensions.swift"; sourceTree = "<group>"; };
		A16D4CF81E86FA6B00240597 /* logo.png */ = {isa = PBXFileReference; lastKnownFileType = image.png; path = logo.png; sourceTree = "<group>"; };
		A16D4CFA1E86FF1F00240597 /* MultipleChoiceViewController.swift */ = {isa = PBXFileReference; fileEncoding = 4; lastKnownFileType = sourcecode.swift; path = MultipleChoiceViewController.swift; sourceTree = "<group>"; };
		A16D4CFC1E870AC300240597 /* MultipleChoice.plist */ = {isa = PBXFileReference; fileEncoding = 4; lastKnownFileType = text.plist.xml; path = MultipleChoice.plist; sourceTree = "<group>"; };
		A16D4CFE1E870D8600240597 /* QuizLoader.swift */ = {isa = PBXFileReference; fileEncoding = 4; lastKnownFileType = sourcecode.swift; path = QuizLoader.swift; sourceTree = "<group>"; };
/* End PBXFileReference section */

/* Begin PBXFrameworksBuildPhase section */
		A16D4CB41E86D94500240597 /* Frameworks */ = {
			isa = PBXFrameworksBuildPhase;
			buildActionMask = 2147483647;
			files = (
			);
			runOnlyForDeploymentPostprocessing = 0;
		};
		A16D4CCB1E86D94600240597 /* Frameworks */ = {
			isa = PBXFrameworksBuildPhase;
			buildActionMask = 2147483647;
			files = (
			);
			runOnlyForDeploymentPostprocessing = 0;
		};
		A16D4CD61E86D94600240597 /* Frameworks */ = {
			isa = PBXFrameworksBuildPhase;
			buildActionMask = 2147483647;
			files = (
			);
			runOnlyForDeploymentPostprocessing = 0;
		};
/* End PBXFrameworksBuildPhase section */

/* Begin PBXGroup section */
		A16D4CAE1E86D94500240597 = {
			isa = PBXGroup;
			children = (
				A16D4CB91E86D94500240597 /* SolveTec */,
				A16D4CD11E86D94600240597 /* SolveTecTests */,
				A16D4CDC1E86D94600240597 /* SolveTecUITests */,
				A16D4CB81E86D94500240597 /* Products */,
			);
			sourceTree = "<group>";
		};
		A16D4CB81E86D94500240597 /* Products */ = {
			isa = PBXGroup;
			children = (
				A16D4CB71E86D94500240597 /* SolveTec.app */,
				A16D4CCE1E86D94600240597 /* SolveTecTests.xctest */,
				A16D4CD91E86D94600240597 /* SolveTecUITests.xctest */,
			);
			name = Products;
			sourceTree = "<group>";
		};
		A16D4CB91E86D94500240597 /* SolveTec */ = {
			isa = PBXGroup;
			children = (
				A16D4CF01E86D9F700240597 /* Questions */,
				A16D4CEF1E86D9F000240597 /* Resources */,
				A16D4CEE1E86D9EA00240597 /* Custom */,
				A16D4CED1E86D9E200240597 /* Controller */,
				A16D4CEC1E86D9DA00240597 /* Template */,
				A16D4CEB1E86D9CE00240597 /* UI */,
				A16D4CC11E86D94500240597 /* SolveTec.xcdatamodeld */,
			);
			path = SolveTec;
			sourceTree = "<group>";
		};
		A16D4CD11E86D94600240597 /* SolveTecTests */ = {
			isa = PBXGroup;
			children = (
				A16D4CD21E86D94600240597 /* SolveTecTests.swift */,
				A16D4CD41E86D94600240597 /* Info.plist */,
			);
			path = SolveTecTests;
			sourceTree = "<group>";
		};
		A16D4CDC1E86D94600240597 /* SolveTecUITests */ = {
			isa = PBXGroup;
			children = (
				A16D4CDD1E86D94600240597 /* SolveTecUITests.swift */,
				A16D4CDF1E86D94600240597 /* Info.plist */,
			);
			path = SolveTecUITests;
			sourceTree = "<group>";
		};
		A16D4CEB1E86D9CE00240597 /* UI */ = {
			isa = PBXGroup;
			children = (
				A16D4CBE1E86D94500240597 /* Main.storyboard */,
				A16D4CC41E86D94500240597 /* Assets.xcassets */,
				A16D4CC61E86D94500240597 /* LaunchScreen.storyboard */,
			);
			name = UI;
			sourceTree = "<group>";
		};
		A16D4CEC1E86D9DA00240597 /* Template */ = {
			isa = PBXGroup;
			children = (
				A16D4CBA1E86D94500240597 /* AppDelegate.swift */,
				A16D4CC91E86D94500240597 /* Info.plist */,
			);
			name = Template;
			sourceTree = "<group>";
		};
		A16D4CED1E86D9E200240597 /* Controller */ = {
			isa = PBXGroup;
			children = (
				A16D4CBC1E86D94500240597 /* MenuViewController.swift */,
				A16D4CFA1E86FF1F00240597 /* MultipleChoiceViewController.swift */,
				A166EC971E874EDD005B0160 /* RightWrongViewController.swift */,
			);
			name = Controller;
			sourceTree = "<group>";
		};
		A16D4CEE1E86D9EA00240597 /* Custom */ = {
			isa = PBXGroup;
			children = (
				A16D4CF11E86DCE600240597 /* RoundedButton.swift */,
				A16D4CF31E86DD3E00240597 /* RoundedLabel.swift */,
				A16D4CF51E86E8C700240597 /* Constants+Extensions.swift */,
				A16D4CFE1E870D8600240597 /* QuizLoader.swift */,
				A166EC951E87443D005B0160 /* QuizAlertView.swift */,
			);
			name = Custom;
			sourceTree = "<group>";
		};
		A16D4CEF1E86D9F000240597 /* Resources */ = {
			isa = PBXGroup;
			children = (
				A16D4CF71E86FA2800240597 /* Images */,
			);
			name = Resources;
			sourceTree = "<group>";
		};
		A16D4CF01E86D9F700240597 /* Questions */ = {
			isa = PBXGroup;
			children = (
				A16D4CFC1E870AC300240597 /* MultipleChoice.plist */,
				A166EC991E874FD1005B0160 /* RightWrongQuiz.plist */,
			);
			name = Questions;
			sourceTree = "<group>";
		};
		A16D4CF71E86FA2800240597 /* Images */ = {
			isa = PBXGroup;
			children = (
				A16D4CF81E86FA6B00240597 /* logo.png */,
			);
			name = Images;
			sourceTree = "<group>";
		};
/* End PBXGroup section */

/* Begin PBXNativeTarget section */
		A16D4CB61E86D94500240597 /* SolveTec */ = {
			isa = PBXNativeTarget;
			buildConfigurationList = A16D4CE21E86D94600240597 /* Build configuration list for PBXNativeTarget "SolveTec" */;
			buildPhases = (
				A16D4CB31E86D94500240597 /* Sources */,
				A16D4CB41E86D94500240597 /* Frameworks */,
				A16D4CB51E86D94500240597 /* Resources */,
			);
			buildRules = (
			);
			dependencies = (
			);
			name = SolveTec;
			productName = SolveTec;
			productReference = A16D4CB71E86D94500240597 /* SolveTec.app */;
			productType = "com.apple.product-type.application";
		};
		A16D4CCD1E86D94600240597 /* SolveTecTests */ = {
			isa = PBXNativeTarget;
			buildConfigurationList = A16D4CE51E86D94600240597 /* Build configuration list for PBXNativeTarget "SolveTecTests" */;
			buildPhases = (
				A16D4CCA1E86D94600240597 /* Sources */,
				A16D4CCB1E86D94600240597 /* Frameworks */,
				A16D4CCC1E86D94600240597 /* Resources */,
			);
			buildRules = (
			);
			dependencies = (
				A16D4CD01E86D94600240597 /* PBXTargetDependency */,
			);
			name = SolveTecTests;
			productName = SolveTecTests;
			productReference = A16D4CCE1E86D94600240597 /* SolveTecTests.xctest */;
			productType = "com.apple.product-type.bundle.unit-test";
		};
		A16D4CD81E86D94600240597 /* SolveTecUITests */ = {
			isa = PBXNativeTarget;
			buildConfigurationList = A16D4CE81E86D94600240597 /* Build configuration list for PBXNativeTarget "SolveTecUITests" */;
			buildPhases = (
				A16D4CD51E86D94600240597 /* Sources */,
				A16D4CD61E86D94600240597 /* Frameworks */,
				A16D4CD71E86D94600240597 /* Resources */,
			);
			buildRules = (
			);
			dependencies = (
				A16D4CDB1E86D94600240597 /* PBXTargetDependency */,
			);
			name = SolveTecUITests;
			productName = SolveTecUITests;
			productReference = A16D4CD91E86D94600240597 /* SolveTecUITests.xctest */;
			productType = "com.apple.product-type.bundle.ui-testing";
		};
/* End PBXNativeTarget section */

/* Begin PBXProject section */
		A16D4CAF1E86D94500240597 /* Project object */ = {
			isa = PBXProject;
			attributes = {
				LastSwiftUpdateCheck = 0810;
				LastUpgradeCheck = 0810;
				ORGANIZATIONNAME = APIS;
				TargetAttributes = {
					A16D4CB61E86D94500240597 = {
						CreatedOnToolsVersion = 8.1;
						ProvisioningStyle = Automatic;
					};
					A16D4CCD1E86D94600240597 = {
						CreatedOnToolsVersion = 8.1;
						ProvisioningStyle = Automatic;
						TestTargetID = A16D4CB61E86D94500240597;
					};
					A16D4CD81E86D94600240597 = {
						CreatedOnToolsVersion = 8.1;
						ProvisioningStyle = Automatic;
						TestTargetID = A16D4CB61E86D94500240597;
					};
				};
			};
			buildConfigurationList = A16D4CB21E86D94500240597 /* Build configuration list for PBXProject "SolveTec" */;
			compatibilityVersion = "Xcode 3.2";
			developmentRegion = English;
			hasScannedForEncodings = 0;
			knownRegions = (
				en,
				Base,
			);
			mainGroup = A16D4CAE1E86D94500240597;
			productRefGroup = A16D4CB81E86D94500240597 /* Products */;
			projectDirPath = "";
			projectRoot = "";
			targets = (
				A16D4CB61E86D94500240597 /* SolveTec */,
				A16D4CCD1E86D94600240597 /* SolveTecTests */,
				A16D4CD81E86D94600240597 /* SolveTecUITests */,
			);
		};
/* End PBXProject section */

/* Begin PBXResourcesBuildPhase section */
		A16D4CB51E86D94500240597 /* Resources */ = {
			isa = PBXResourcesBuildPhase;
			buildActionMask = 2147483647;
			files = (
				A16D4CFD1E870AC300240597 /* MultipleChoice.plist in Resources */,
				A16D4CF91E86FA6B00240597 /* logo.png in Resources */,
				A16D4CC81E86D94500240597 /* LaunchScreen.storyboard in Resources */,
				A16D4CC51E86D94500240597 /* Assets.xcassets in Resources */,
				A166EC9A1E874FD1005B0160 /* RightWrongQuiz.plist in Resources */,
				A16D4CC01E86D94500240597 /* Main.storyboard in Resources */,
			);
			runOnlyForDeploymentPostprocessing = 0;
		};
		A16D4CCC1E86D94600240597 /* Resources */ = {
			isa = PBXResourcesBuildPhase;
			buildActionMask = 2147483647;
			files = (
			);
			runOnlyForDeploymentPostprocessing = 0;
		};
		A16D4CD71E86D94600240597 /* Resources */ = {
			isa = PBXResourcesBuildPhase;
			buildActionMask = 2147483647;
			files = (
			);
			runOnlyForDeploymentPostprocessing = 0;
		};
/* End PBXResourcesBuildPhase section */

/* Begin PBXSourcesBuildPhase section */
		A16D4CB31E86D94500240597 /* Sources */ = {
			isa = PBXSourcesBuildPhase;
			buildActionMask = 2147483647;
			files = (
				A16D4CC31E86D94500240597 /* SolveTec.xcdatamodeld in Sources */,
				A16D4CF41E86DD3E00240597 /* RoundedLabel.swift in Sources */,
				A16D4CFB1E86FF1F00240597 /* MultipleChoiceViewController.swift in Sources */,
				A16D4CFF1E870D8600240597 /* QuizLoader.swift in Sources */,
				A166EC961E87443D005B0160 /* QuizAlertView.swift in Sources */,
				A16D4CBD1E86D94500240597 /* MenuViewController.swift in Sources */,
				A16D4CBB1E86D94500240597 /* AppDelegate.swift in Sources */,
				A166EC981E874EDD005B0160 /* RightWrongViewController.swift in Sources */,
				A16D4CF21E86DCE600240597 /* RoundedButton.swift in Sources */,
				A16D4CF61E86E8C700240597 /* Constants+Extensions.swift in Sources */,
			);
			runOnlyForDeploymentPostprocessing = 0;
		};
		A16D4CCA1E86D94600240597 /* Sources */ = {
			isa = PBXSourcesBuildPhase;
			buildActionMask = 2147483647;
			files = (
				A16D4CD31E86D94600240597 /* SolveTecTests.swift in Sources */,
			);
			runOnlyForDeploymentPostprocessing = 0;
		};
		A16D4CD51E86D94600240597 /* Sources */ = {
			isa = PBXSourcesBuildPhase;
			buildActionMask = 2147483647;
			files = (
				A16D4CDE1E86D94600240597 /* SolveTecUITests.swift in Sources */,
			);
			runOnlyForDeploymentPostprocessing = 0;
		};
/* End PBXSourcesBuildPhase section */

/* Begin PBXTargetDependency section */
		A16D4CD01E86D94600240597 /* PBXTargetDependency */ = {
			isa = PBXTargetDependency;
			target = A16D4CB61E86D94500240597 /* SolveTec */;
			targetProxy = A16D4CCF1E86D94600240597 /* PBXContainerItemProxy */;
		};
		A16D4CDB1E86D94600240597 /* PBXTargetDependency */ = {
			isa = PBXTargetDependency;
			target = A16D4CB61E86D94500240597 /* SolveTec */;
			targetProxy = A16D4CDA1E86D94600240597 /* PBXContainerItemProxy */;
		};
/* End PBXTargetDependency section */

/* Begin PBXVariantGroup section */
		A16D4CBE1E86D94500240597 /* Main.storyboard */ = {
			isa = PBXVariantGroup;
			children = (
				A16D4CBF1E86D94500240597 /* Base */,
			);
			name = Main.storyboard;
			sourceTree = "<group>";
		};
		A16D4CC61E86D94500240597 /* LaunchScreen.storyboard */ = {
			isa = PBXVariantGroup;
			children = (
				A16D4CC71E86D94500240597 /* Base */,
			);
			name = LaunchScreen.storyboard;
			sourceTree = "<group>";
		};
/* End PBXVariantGroup section */

/* Begin XCBuildConfiguration section */
		A16D4CE01E86D94600240597 /* Debug */ = {
			isa = XCBuildConfiguration;
			buildSettings = {
				ALWAYS_SEARCH_USER_PATHS = NO;
				CLANG_ANALYZER_NONNULL = YES;
				CLANG_CXX_LANGUAGE_STANDARD = "gnu++0x";
				CLANG_CXX_LIBRARY = "libc++";
				CLANG_ENABLE_MODULES = YES;
				CLANG_ENABLE_OBJC_ARC = YES;
				CLANG_WARN_BOOL_CONVERSION = YES;
				CLANG_WARN_CONSTANT_CONVERSION = YES;
				CLANG_WARN_DIRECT_OBJC_ISA_USAGE = YES_ERROR;
				CLANG_WARN_DOCUMENTATION_COMMENTS = YES;
				CLANG_WARN_EMPTY_BODY = YES;
				CLANG_WARN_ENUM_CONVERSION = YES;
				CLANG_WARN_INFINITE_RECURSION = YES;
				CLANG_WARN_INT_CONVERSION = YES;
				CLANG_WARN_OBJC_ROOT_CLASS = YES_ERROR;
				CLANG_WARN_SUSPICIOUS_MOVES = YES;
				CLANG_WARN_UNREACHABLE_CODE = YES;
				CLANG_WARN__DUPLICATE_METHOD_MATCH = YES;
				"CODE_SIGN_IDENTITY[sdk=iphoneos*]" = "iPhone Developer";
				COPY_PHASE_STRIP = NO;
				DEBUG_INFORMATION_FORMAT = dwarf;
				ENABLE_STRICT_OBJC_MSGSEND = YES;
				ENABLE_TESTABILITY = YES;
				GCC_C_LANGUAGE_STANDARD = gnu99;
				GCC_DYNAMIC_NO_PIC = NO;
				GCC_NO_COMMON_BLOCKS = YES;
				GCC_OPTIMIZATION_LEVEL = 0;
				GCC_PREPROCESSOR_DEFINITIONS = (
					"DEBUG=1",
					"$(inherited)",
				);
				GCC_WARN_64_TO_32_BIT_CONVERSION = YES;
				GCC_WARN_ABOUT_RETURN_TYPE = YES_ERROR;
				GCC_WARN_UNDECLARED_SELECTOR = YES;
				GCC_WARN_UNINITIALIZED_AUTOS = YES_AGGRESSIVE;
				GCC_WARN_UNUSED_FUNCTION = YES;
				GCC_WARN_UNUSED_VARIABLE = YES;
				IPHONEOS_DEPLOYMENT_TARGET = 10.1;
				MTL_ENABLE_DEBUG_INFO = YES;
				ONLY_ACTIVE_ARCH = YES;
				SDKROOT = iphoneos;
				SWIFT_ACTIVE_COMPILATION_CONDITIONS = DEBUG;
				SWIFT_OPTIMIZATION_LEVEL = "-Onone";
				TARGETED_DEVICE_FAMILY = "1,2";
			};
			name = Debug;
		};
		A16D4CE11E86D94600240597 /* Release */ = {
			isa = XCBuildConfiguration;
			buildSettings = {
				ALWAYS_SEARCH_USER_PATHS = NO;
				CLANG_ANALYZER_NONNULL = YES;
				CLANG_CXX_LANGUAGE_STANDARD = "gnu++0x";
				CLANG_CXX_LIBRARY = "libc++";
				CLANG_ENABLE_MODULES = YES;
				CLANG_ENABLE_OBJC_ARC = YES;
				CLANG_WARN_BOOL_CONVERSION = YES;
				CLANG_WARN_CONSTANT_CONVERSION = YES;
				CLANG_WARN_DIRECT_OBJC_ISA_USAGE = YES_ERROR;
				CLANG_WARN_DOCUMENTATION_COMMENTS = YES;
				CLANG_WARN_EMPTY_BODY = YES;
				CLANG_WARN_ENUM_CONVERSION = YES;
				CLANG_WARN_INFINITE_RECURSION = YES;
				CLANG_WARN_INT_CONVERSION = YES;
				CLANG_WARN_OBJC_ROOT_CLASS = YES_ERROR;
				CLANG_WARN_SUSPICIOUS_MOVES = YES;
				CLANG_WARN_UNREACHABLE_CODE = YES;
				CLANG_WARN__DUPLICATE_METHOD_MATCH = YES;
				"CODE_SIGN_IDENTITY[sdk=iphoneos*]" = "iPhone Developer";
				COPY_PHASE_STRIP = NO;
				DEBUG_INFORMATION_FORMAT = "dwarf-with-dsym";
				ENABLE_NS_ASSERTIONS = NO;
				ENABLE_STRICT_OBJC_MSGSEND = YES;
				GCC_C_LANGUAGE_STANDARD = gnu99;
				GCC_NO_COMMON_BLOCKS = YES;
				GCC_WARN_64_TO_32_BIT_CONVERSION = YES;
				GCC_WARN_ABOUT_RETURN_TYPE = YES_ERROR;
				GCC_WARN_UNDECLARED_SELECTOR = YES;
				GCC_WARN_UNINITIALIZED_AUTOS = YES_AGGRESSIVE;
				GCC_WARN_UNUSED_FUNCTION = YES;
				GCC_WARN_UNUSED_VARIABLE = YES;
				IPHONEOS_DEPLOYMENT_TARGET = 10.1;
				MTL_ENABLE_DEBUG_INFO = NO;
				SDKROOT = iphoneos;
				SWIFT_OPTIMIZATION_LEVEL = "-Owholemodule";
				TARGETED_DEVICE_FAMILY = "1,2";
				VALIDATE_PRODUCT = YES;
			};
			name = Release;
		};
		A16D4CE31E86D94600240597 /* Debug */ = {
			isa = XCBuildConfiguration;
			buildSettings = {
				ASSETCATALOG_COMPILER_APPICON_NAME = AppIcon;
				INFOPLIST_FILE = SolveTec/Info.plist;
				LD_RUNPATH_SEARCH_PATHS = "$(inherited) @executable_path/Frameworks";
				PRODUCT_BUNDLE_IDENTIFIER = ITESM.SolveTec;
				PRODUCT_NAME = "$(TARGET_NAME)";
				SWIFT_VERSION = 3.0;
			};
			name = Debug;
		};
		A16D4CE41E86D94600240597 /* Release */ = {
			isa = XCBuildConfiguration;
			buildSettings = {
				ASSETCATALOG_COMPILER_APPICON_NAME = AppIcon;
				INFOPLIST_FILE = SolveTec/Info.plist;
				LD_RUNPATH_SEARCH_PATHS = "$(inherited) @executable_path/Frameworks";
				PRODUCT_BUNDLE_IDENTIFIER = ITESM.SolveTec;
				PRODUCT_NAME = "$(TARGET_NAME)";
				SWIFT_VERSION = 3.0;
			};
			name = Release;
		};
		A16D4CE61E86D94600240597 /* Debug */ = {
			isa = XCBuildConfiguration;
			buildSettings = {
				ALWAYS_EMBED_SWIFT_STANDARD_LIBRARIES = YES;
				BUNDLE_LOADER = "$(TEST_HOST)";
				INFOPLIST_FILE = SolveTecTests/Info.plist;
				LD_RUNPATH_SEARCH_PATHS = "$(inherited) @executable_path/Frameworks @loader_path/Frameworks";
				PRODUCT_BUNDLE_IDENTIFIER = ITESM.SolveTecTests;
				PRODUCT_NAME = "$(TARGET_NAME)";
				SWIFT_VERSION = 3.0;
				TEST_HOST = "$(BUILT_PRODUCTS_DIR)/SolveTec.app/SolveTec";
			};
			name = Debug;
		};
		A16D4CE71E86D94600240597 /* Release */ = {
			isa = XCBuildConfiguration;
			buildSettings = {
				ALWAYS_EMBED_SWIFT_STANDARD_LIBRARIES = YES;
				BUNDLE_LOADER = "$(TEST_HOST)";
				INFOPLIST_FILE = SolveTecTests/Info.plist;
				LD_RUNPATH_SEARCH_PATHS = "$(inherited) @executable_path/Frameworks @loader_path/Frameworks";
				PRODUCT_BUNDLE_IDENTIFIER = ITESM.SolveTecTests;
				PRODUCT_NAME = "$(TARGET_NAME)";
				SWIFT_VERSION = 3.0;
				TEST_HOST = "$(BUILT_PRODUCTS_DIR)/SolveTec.app/SolveTec";
			};
			name = Release;
		};
		A16D4CE91E86D94600240597 /* Debug */ = {
			isa = XCBuildConfiguration;
			buildSettings = {
				ALWAYS_EMBED_SWIFT_STANDARD_LIBRARIES = YES;
				INFOPLIST_FILE = SolveTecUITests/Info.plist;
				LD_RUNPATH_SEARCH_PATHS = "$(inherited) @executable_path/Frameworks @loader_path/Frameworks";
				PRODUCT_BUNDLE_IDENTIFIER = ITESM.SolveTecUITests;
				PRODUCT_NAME = "$(TARGET_NAME)";
				SWIFT_VERSION = 3.0;
				TEST_TARGET_NAME = SolveTec;
			};
			name = Debug;
		};
		A16D4CEA1E86D94600240597 /* Release */ = {
			isa = XCBuildConfiguration;
			buildSettings = {
				ALWAYS_EMBED_SWIFT_STANDARD_LIBRARIES = YES;
				INFOPLIST_FILE = SolveTecUITests/Info.plist;
				LD_RUNPATH_SEARCH_PATHS = "$(inherited) @executable_path/Frameworks @loader_path/Frameworks";
				PRODUCT_BUNDLE_IDENTIFIER = ITESM.SolveTecUITests;
				PRODUCT_NAME = "$(TARGET_NAME)";
				SWIFT_VERSION = 3.0;
				TEST_TARGET_NAME = SolveTec;
			};
			name = Release;
		};
/* End XCBuildConfiguration section */

/* Begin XCConfigurationList section */
		A16D4CB21E86D94500240597 /* Build configuration list for PBXProject "SolveTec" */ = {
			isa = XCConfigurationList;
			buildConfigurations = (
				A16D4CE01E86D94600240597 /* Debug */,
				A16D4CE11E86D94600240597 /* Release */,
			);
			defaultConfigurationIsVisible = 0;
			defaultConfigurationName = Release;
		};
		A16D4CE21E86D94600240597 /* Build configuration list for PBXNativeTarget "SolveTec" */ = {
			isa = XCConfigurationList;
			buildConfigurations = (
				A16D4CE31E86D94600240597 /* Debug */,
				A16D4CE41E86D94600240597 /* Release */,
			);
			defaultConfigurationIsVisible = 0;
			defaultConfigurationName = Release;
		};
		A16D4CE51E86D94600240597 /* Build configuration list for PBXNativeTarget "SolveTecTests" */ = {
			isa = XCConfigurationList;
			buildConfigurations = (
				A16D4CE61E86D94600240597 /* Debug */,
				A16D4CE71E86D94600240597 /* Release */,
			);
			defaultConfigurationIsVisible = 0;
			defaultConfigurationName = Release;
		};
		A16D4CE81E86D94600240597 /* Build configuration list for PBXNativeTarget "SolveTecUITests" */ = {
			isa = XCConfigurationList;
			buildConfigurations = (
				A16D4CE91E86D94600240597 /* Debug */,
				A16D4CEA1E86D94600240597 /* Release */,
			);
			defaultConfigurationIsVisible = 0;
			defaultConfigurationName = Release;
		};
/* End XCConfigurationList section */

/* Begin XCVersionGroup section */
		A16D4CC11E86D94500240597 /* SolveTec.xcdatamodeld */ = {
			isa = XCVersionGroup;
			children = (
				A16D4CC21E86D94500240597 /* SolveTec.xcdatamodel */,
			);
			currentVersion = A16D4CC21E86D94500240597 /* SolveTec.xcdatamodel */;
			path = SolveTec.xcdatamodeld;
			sourceTree = "<group>";
			versionGroupType = wrapper.xcdatamodel;
		};
/* End XCVersionGroup section */
	};
	rootObject = A16D4CAF1E86D94500240597 /* Project object */;
}
